
Microsoft Visual Studio Solution File, Format Version 12.00
# Visual Studio Version 16
VisualStudioVersion = 16.0.30717.126
MinimumVisualStudioVersion = 10.0.40219.1
Project("{FAE04EC0-301F-11D3-BF4B-00C04F79EFBC}") = "MONAQuiz", "MONAQuiz\MONAQuiz.csproj", "{6C2E03AF-4002-4256-ADB3-81689400981A}"
EndProject
Project("{FAE04EC0-301F-11D3-BF4B-00C04F79EFBC}") = "MONAQuiz.Common", "MONAQuiz.Common\MONAQuiz.Common.csproj", "{B5037EBC-D563-4B6B-8500-4E3987AAAD77}"
EndProject
Project("{FAE04EC0-301F-11D3-BF4B-00C04F79EFBC}") = "MonaQuiz.Data", "MonaQuiz.Data\MonaQuiz.Data.csproj", "{EBB8EDE1-F5CC-4410-95AC-A4925EB231ED}"
EndProject
Project("{FAE04EC0-301F-11D3-BF4B-00C04F79EFBC}") = "MONAQuiz.Models", "MONAQuiz.Models\MONAQuiz.Models.csproj", "{FBA159AC-A793-47AE-BD34-3FB8A4519864}"
EndProject
Project("{FAE04EC0-301F-11D3-BF4B-00C04F79EFBC}") = "MONAQuiz.Services", "MONAQuiz.Services\MONAQuiz.Services.csproj", "{13140661-24AE-4A4A-A314-8BA1CA3DDA64}"
EndProject
Global
	GlobalSection(SolutionConfigurationPlatforms) = preSolution
		Debug|Any CPU = Debug|Any CPU
		Release|Any CPU = Release|Any CPU
	EndGlobalSection
	GlobalSection(ProjectConfigurationPlatforms) = postSolution
		{6C2E03AF-4002-4256-ADB3-81689400981A}.Debug|Any CPU.ActiveCfg = Debug|Any CPU
		{6C2E03AF-4002-4256-ADB3-81689400981A}.Debug|Any CPU.Build.0 = Debug|Any CPU
		{6C2E03AF-4002-4256-ADB3-81689400981A}.Release|Any CPU.ActiveCfg = Release|Any CPU
		{6C2E03AF-4002-4256-ADB3-81689400981A}.Release|Any CPU.Build.0 = Release|Any CPU
		{B5037EBC-D563-4B6B-8500-4E3987AAAD77}.Debug|Any CPU.ActiveCfg = Debug|Any CPU
		{B5037EBC-D563-4B6B-8500-4E3987AAAD77}.Debug|Any CPU.Build.0 = Debug|Any CPU
		{B5037EBC-D563-4B6B-8500-4E3987AAAD77}.Release|Any CPU.ActiveCfg = Release|Any CPU
		{B5037EBC-D563-4B6B-8500-4E3987AAAD77}.Release|Any CPU.Build.0 = Release|Any CPU
		{EBB8EDE1-F5CC-4410-95AC-A4925EB231ED}.Debug|Any CPU.ActiveCfg = Debug|Any CPU
		{EBB8EDE1-F5CC-4410-95AC-A4925EB231ED}.Debug|Any CPU.Build.0 = Debug|Any CPU
		{EBB8EDE1-F5CC-4410-95AC-A4925EB231ED}.Release|Any CPU.ActiveCfg = Release|Any CPU
		{EBB8EDE1-F5CC-4410-95AC-A4925EB231ED}.Release|Any CPU.Build.0 = Release|Any CPU
		{FBA159AC-A793-47AE-BD34-3FB8A4519864}.Debug|Any CPU.ActiveCfg = Debug|Any CPU
		{FBA159AC-A793-47AE-BD34-3FB8A4519864}.Debug|Any CPU.Build.0 = Debug|Any CPU
		{FBA159AC-A793-47AE-BD34-3FB8A4519864}.Release|Any CPU.ActiveCfg = Release|Any CPU
		{FBA159AC-A793-47AE-BD34-3FB8A4519864}.Release|Any CPU.Build.0 = Release|Any CPU
		{13140661-24AE-4A4A-A314-8BA1CA3DDA64}.Debug|Any CPU.ActiveCfg = Debug|Any CPU
		{13140661-24AE-4A4A-A314-8BA1CA3DDA64}.Debug|Any CPU.Build.0 = Debug|Any CPU
		{13140661-24AE-4A4A-A314-8BA1CA3DDA64}.Release|Any CPU.ActiveCfg = Release|Any CPU
		{13140661-24AE-4A4A-A314-8BA1CA3DDA64}.Release|Any CPU.Build.0 = Release|Any CPU
	EndGlobalSection
	GlobalSection(SolutionProperties) = preSolution
		HideSolutionNode = FALSE
	EndGlobalSection
	GlobalSection(ExtensibilityGlobals) = postSolution
		SolutionGuid = {3E90FABF-8CDF-42AD-BDA8-F1DCE38D26E6}
	EndGlobalSection
EndGlobal
